{
  "name": "UserScriptExternals",
  "version": "1.0.0",
  "lockfileVersion": 1,
  "requires": true,
  "dependencies": {
    "zen-observable": {
      "version": "0.8.10",
      "resolved": "https://registry.npmjs.org/zen-observable/-/zen-observable-0.8.10.tgz",
      "integrity": "sha512-UXEh0ekA/QWYI2NkLHc5IH0V1FstIN4qGVlVvq0DQAS3oR72mofYHkjJ2f4ysMKRAziwnACzg3c0ZuG+SMDu8w=="
    }
  }
}
